
Microsoft Visual Studio Solution File, Format Version 12.00
# Visual Studio 2012
Project("{FAE04EC0-301F-11D3-BF4B-00C04F79EFBC}") = "KSBoingBall", "KSBoingBall\KSBoingBall.csproj", "{41818226-AC28-4B3E-9E06-D36C803148C3}"
EndProject
Global
	GlobalSection(SolutionConfigurationPlatforms) = preSolution
		Debug|iPhoneSimulator = Debug|iPhoneSimulator
		Release|iPhoneSimulator = Release|iPhoneSimulator
		Debug|iPhone = Debug|iPhone
		Release|iPhone = Release|iPhone
		Ad-Hoc|iPhone = Ad-Hoc|iPhone
		AppStore|iPhone = AppStore|iPhone
	EndGlobalSection
	GlobalSection(ProjectConfigurationPlatforms) = postSolution
		{41818226-AC28-4B3E-9E06-D36C803148C3}.Ad-Hoc|iPhone.ActiveCfg = Ad-Hoc|iPhone
		{41818226-AC28-4B3E-9E06-D36C803148C3}.Ad-Hoc|iPhone.Build.0 = Ad-Hoc|iPhone
		{41818226-AC28-4B3E-9E06-D36C803148C3}.AppStore|iPhone.ActiveCfg = AppStore|iPhone
		{41818226-AC28-4B3E-9E06-D36C803148C3}.AppStore|iPhone.Build.0 = AppStore|iPhone
		{41818226-AC28-4B3E-9E06-D36C803148C3}.Debug|iPhone.ActiveCfg = Debug|iPhone
		{41818226-AC28-4B3E-9E06-D36C803148C3}.Debug|iPhone.Build.0 = Debug|iPhone
		{41818226-AC28-4B3E-9E06-D36C803148C3}.Debug|iPhoneSimulator.ActiveCfg = Debug|iPhoneSimulator
		{41818226-AC28-4B3E-9E06-D36C803148C3}.Debug|iPhoneSimulator.Build.0 = Debug|iPhoneSimulator
		{41818226-AC28-4B3E-9E06-D36C803148C3}.Release|iPhone.ActiveCfg = Release|iPhone
		{41818226-AC28-4B3E-9E06-D36C803148C3}.Release|iPhone.Build.0 = Release|iPhone
		{41818226-AC28-4B3E-9E06-D36C803148C3}.Release|iPhoneSimulator.ActiveCfg = Release|iPhoneSimulator
		{41818226-AC28-4B3E-9E06-D36C803148C3}.Release|iPhoneSimulator.Build.0 = Release|iPhoneSimulator
	EndGlobalSection
	GlobalSection(MonoDevelopProperties) = preSolution
		StartupItem = KSBoingBall\KSBoingBall.csproj
	EndGlobalSection
EndGlobal
